PODS:
  - AFNetworking (2.6.3):
    - AFNetworking/NSURLConnection (= 2.6.3)
    - AFNetworking/NSURLSession (= 2.6.3)
    - AFNetworking/Reachability (= 2.6.3)
    - AFNetworking/Security (= 2.6.3)
    - AFNetworking/Serialization (= 2.6.3)
    - AFNetworking/UIKit (= 2.6.3)
  - AFNetworking/NSURLConnection (2.6.3):
    - AFNetworking/Reachability
    - AFNetworking/Security
    - AFNetworking/Serialization
  - AFNetworking/NSURLSession (2.6.3):
    - AFNetworking/Reachability
    - AFNetworking/Security
    - AFNetworking/Serialization
  - AFNetworking/Reachability (2.6.3)
  - AFNetworking/Security (2.6.3)
  - AFNetworking/Serialization (2.6.3)
  - AFNetworking/UIKit (2.6.3):
    - AFNetworking/NSURLConnection
    - AFNetworking/NSURLSession
  - FMDB (2.6):
    - FMDB/standard (= 2.6)
  - FMDB/standard (2.6)
  - MJRefresh (3.1.0)
  - pop (1.0.8)
  - PPHelpMe (1.0.2)
  - PPRevealSideViewController (1.2.2):
    - PPHelpMe
  - ReactiveCocoa (2.5):
    - ReactiveCocoa/UI (= 2.5)
  - ReactiveCocoa/Core (2.5):
    - ReactiveCocoa/no-arc
  - ReactiveCocoa/no-arc (2.5)
  - ReactiveCocoa/UI (2.5):
    - ReactiveCocoa/Core
  - TTTAttributedLabel (1.12.0)

DEPENDENCIES:
  - AFNetworking (~> 2.0)
  - FMDB
  - MJRefresh
  - pop (~> 1.0)
  - PPRevealSideViewController
  - ReactiveCocoa (~> 2.0)
  - TTTAttributedLabel (= 1.12.0)

SPEC CHECKSUMS:
  AFNetworking: cb8d14a848e831097108418f5d49217339d4eb60
  FMDB: c1968bab3ab0aed38f66cb778ae1e7fa9a652b6e
  MJRefresh: 743e6404967d1c2c688472ea3ecfde247d872db4
  pop: bb773ae2c791ca2629de13b347e7a8b450fa6a57
  PPHelpMe: 243c40d2fad33ebdcc6b158c0db54893e0cc2d14
  PPRevealSideViewController: be6d88511fcf55ddcfb9e9ad6167644a421e709a
  ReactiveCocoa: e2db045570aa97c695e7aa97c2bcab222ae51f4a
  TTTAttributedLabel: 2f39c9f6f3b1127202c83a16a7aae8b7f4f03c4b

COCOAPODS: 0.39.0
